// !$*UTF8*$!
{
	archiveVersion = 1;
	classes = {
	};
	objectVersion = 56;
	objects = {

/* Begin PBXBuildFile section */
		D238C65A2D9909CAAA9DA7C2 /* Pods_crypto_info.framework in Frameworks */ = {isa = PBXBuildFile; fileRef = B037B6B8D211459C8C3FB796 /* Pods_crypto_info.framework */; };
		E99F37312A8F88F000572AE5 /* AppDelegate.swift in Sources */ = {isa = PBXBuildFile; fileRef = E99F37302A8F88F000572AE5 /* AppDelegate.swift */; };
		E99F37332A8F88F000572AE5 /* SceneDelegate.swift in Sources */ = {isa = PBXBuildFile; fileRef = E99F37322A8F88F000572AE5 /* SceneDelegate.swift */; };
		E99F37352A8F88F000572AE5 /* ViewController.swift in Sources */ = {isa = PBXBuildFile; fileRef = E99F37342A8F88F000572AE5 /* ViewController.swift */; };
		E99F37382A8F88F000572AE5 /* Main.storyboard in Resources */ = {isa = PBXBuildFile; fileRef = E99F37362A8F88F000572AE5 /* Main.storyboard */; };
		E99F373A2A8F88F100572AE5 /* Assets.xcassets in Resources */ = {isa = PBXBuildFile; fileRef = E99F37392A8F88F100572AE5 /* Assets.xcassets */; };
		E99F373D2A8F88F100572AE5 /* LaunchScreen.storyboard in Resources */ = {isa = PBXBuildFile; fileRef = E99F373B2A8F88F100572AE5 /* LaunchScreen.storyboard */; };
		E99F374D2A8F8B2C00572AE5 /* CryptoAPI.swift in Sources */ = {isa = PBXBuildFile; fileRef = E99F374C2A8F8B2C00572AE5 /* CryptoAPI.swift */; };
		E99F374F2A8F8B4900572AE5 /* NetworkAdapter.swift in Sources */ = {isa = PBXBuildFile; fileRef = E99F374E2A8F8B4900572AE5 /* NetworkAdapter.swift */; };
		E99F37512A8F8E0B00572AE5 /* ResponseStatus.swift in Sources */ = {isa = PBXBuildFile; fileRef = E99F37502A8F8E0B00572AE5 /* ResponseStatus.swift */; };
		E99F37532A8F8E1700572AE5 /* ResponseCode.swift in Sources */ = {isa = PBXBuildFile; fileRef = E99F37522A8F8E1700572AE5 /* ResponseCode.swift */; };
		E99F37552A8F8EC500572AE5 /* Constants.swift in Sources */ = {isa = PBXBuildFile; fileRef = E99F37542A8F8EC500572AE5 /* Constants.swift */; };
		E99F37572A8F8ED300572AE5 /* Enum.swift in Sources */ = {isa = PBXBuildFile; fileRef = E99F37562A8F8ED300572AE5 /* Enum.swift */; };
		E99F37602A8F901000572AE5 /* MainPresenter.swift in Sources */ = {isa = PBXBuildFile; fileRef = E99F375A2A8F901000572AE5 /* MainPresenter.swift */; };
		E99F37612A8F901000572AE5 /* MainRouter.swift in Sources */ = {isa = PBXBuildFile; fileRef = E99F375B2A8F901000572AE5 /* MainRouter.swift */; };
		E99F37622A8F901000572AE5 /* MainViewController.swift in Sources */ = {isa = PBXBuildFile; fileRef = E99F375C2A8F901000572AE5 /* MainViewController.swift */; };
		E99F37632A8F901000572AE5 /* MainProtocols.swift in Sources */ = {isa = PBXBuildFile; fileRef = E99F375D2A8F901000572AE5 /* MainProtocols.swift */; };
		E99F37642A8F901000572AE5 /* MainInteractor.swift in Sources */ = {isa = PBXBuildFile; fileRef = E99F375E2A8F901000572AE5 /* MainInteractor.swift */; };
		E99F37652A8F901000572AE5 /* MainViewController.xib in Resources */ = {isa = PBXBuildFile; fileRef = E99F375F2A8F901000572AE5 /* MainViewController.xib */; };
		E99F376C2A8F902700572AE5 /* CryptoDetailPresenter.swift in Sources */ = {isa = PBXBuildFile; fileRef = E99F37662A8F902700572AE5 /* CryptoDetailPresenter.swift */; };
		E99F376D2A8F902700572AE5 /* CryptoDetailRouter.swift in Sources */ = {isa = PBXBuildFile; fileRef = E99F37672A8F902700572AE5 /* CryptoDetailRouter.swift */; };
		E99F376E2A8F902700572AE5 /* CryptoDetailViewController.swift in Sources */ = {isa = PBXBuildFile; fileRef = E99F37682A8F902700572AE5 /* CryptoDetailViewController.swift */; };
		E99F376F2A8F902700572AE5 /* CryptoDetailProtocols.swift in Sources */ = {isa = PBXBuildFile; fileRef = E99F37692A8F902700572AE5 /* CryptoDetailProtocols.swift */; };
		E99F37702A8F902700572AE5 /* CryptoDetailInteractor.swift in Sources */ = {isa = PBXBuildFile; fileRef = E99F376A2A8F902700572AE5 /* CryptoDetailInteractor.swift */; };
		E99F37712A8F902700572AE5 /* CryptoDetailViewController.xib in Resources */ = {isa = PBXBuildFile; fileRef = E99F376B2A8F902700572AE5 /* CryptoDetailViewController.xib */; };
		E99F37732A8F911500572AE5 /* UIColorExtension.swift in Sources */ = {isa = PBXBuildFile; fileRef = E99F37722A8F911500572AE5 /* UIColorExtension.swift */; };
		E99F37752A8F912900572AE5 /* ErrorExtension.swift in Sources */ = {isa = PBXBuildFile; fileRef = E99F37742A8F912900572AE5 /* ErrorExtension.swift */; };
		E99F37772A8F913F00572AE5 /* StringExtension.swift in Sources */ = {isa = PBXBuildFile; fileRef = E99F37762A8F913F00572AE5 /* StringExtension.swift */; };
		E99F37792A8F915700572AE5 /* DictionaryExtension.swift in Sources */ = {isa = PBXBuildFile; fileRef = E99F37782A8F915700572AE5 /* DictionaryExtension.swift */; };
		E99F377B2A8F916A00572AE5 /* UIImageExtension.swift in Sources */ = {isa = PBXBuildFile; fileRef = E99F377A2A8F916A00572AE5 /* UIImageExtension.swift */; };
		E99F377D2A8F91AC00572AE5 /* CryptoAPIHelper.swift in Sources */ = {isa = PBXBuildFile; fileRef = E99F377C2A8F91AC00572AE5 /* CryptoAPIHelper.swift */; };
		E99F377F2A8F91B900572AE5 /* UserSession.swift in Sources */ = {isa = PBXBuildFile; fileRef = E99F377E2A8F91B900572AE5 /* UserSession.swift */; };
		E9B30C8E2A91D0090068741E /* CryptocurrencyEntity.swift in Sources */ = {isa = PBXBuildFile; fileRef = E9B30C8D2A91D0090068741E /* CryptocurrencyEntity.swift */; };
		E9B30C922A9201A00068741E /* MainCell.swift in Sources */ = {isa = PBXBuildFile; fileRef = E9B30C902A9201A00068741E /* MainCell.swift */; };
		E9B30C932A9201A00068741E /* MainCell.xib in Resources */ = {isa = PBXBuildFile; fileRef = E9B30C912A9201A00068741E /* MainCell.xib */; };
		E9B30C952A9226AC0068741E /* MessageResponse.swift in Sources */ = {isa = PBXBuildFile; fileRef = E9B30C942A9226AC0068741E /* MessageResponse.swift */; };
		E9B30C972A922E470068741E /* MainEmptyCollectionView.swift in Sources */ = {isa = PBXBuildFile; fileRef = E9B30C962A922E470068741E /* MainEmptyCollectionView.swift */; };
		E9B30C992A923F630068741E /* CryptoHistoryEntity.swift in Sources */ = {isa = PBXBuildFile; fileRef = E9B30C982A923F630068741E /* CryptoHistoryEntity.swift */; };
		E9B30C9B2A927DA90068741E /* DateExtension.swift in Sources */ = {isa = PBXBuildFile; fileRef = E9B30C9A2A927DA90068741E /* DateExtension.swift */; };
		E9B30C9D2A92813B0068741E /* CryptoHistoryDisplayEntity.swift in Sources */ = {isa = PBXBuildFile; fileRef = E9B30C9C2A92813B0068741E /* CryptoHistoryDisplayEntity.swift */; };
		E9B30C9F2A92847E0068741E /* DoubleExtension.swift in Sources */ = {isa = PBXBuildFile; fileRef = E9B30C9E2A92847E0068741E /* DoubleExtension.swift */; };
/* End PBXBuildFile section */

/* Begin PBXFileReference section */
		B037B6B8D211459C8C3FB796 /* Pods_crypto_info.framework */ = {isa = PBXFileReference; explicitFileType = wrapper.framework; includeInIndex = 0; path = Pods_crypto_info.framework; sourceTree = BUILT_PRODUCTS_DIR; };
		C466FFEF711D8B8BBA5D604C /* Pods-crypto_info.debug.xcconfig */ = {isa = PBXFileReference; includeInIndex = 1; lastKnownFileType = text.xcconfig; name = "Pods-crypto_info.debug.xcconfig"; path = "Target Support Files/Pods-crypto_info/Pods-crypto_info.debug.xcconfig"; sourceTree = "<group>"; };
		E99F372D2A8F88F000572AE5 /* Cryptocurrency App.app */ = {isa = PBXFileReference; explicitFileType = wrapper.application; includeInIndex = 0; path = "Cryptocurrency App.app"; sourceTree = BUILT_PRODUCTS_DIR; };
		E99F37302A8F88F000572AE5 /* AppDelegate.swift */ = {isa = PBXFileReference; lastKnownFileType = sourcecode.swift; path = AppDelegate.swift; sourceTree = "<group>"; };
		E99F37322A8F88F000572AE5 /* SceneDelegate.swift */ = {isa = PBXFileReference; lastKnownFileType = sourcecode.swift; path = SceneDelegate.swift; sourceTree = "<group>"; };
		E99F37342A8F88F000572AE5 /* ViewController.swift */ = {isa = PBXFileReference; lastKnownFileType = sourcecode.swift; path = ViewController.swift; sourceTree = "<group>"; };
		E99F37372A8F88F000572AE5 /* Base */ = {isa = PBXFileReference; lastKnownFileType = file.storyboard; name = Base; path = Base.lproj/Main.storyboard; sourceTree = "<group>"; };
		E99F37392A8F88F100572AE5 /* Assets.xcassets */ = {isa = PBXFileReference; lastKnownFileType = folder.assetcatalog; path = Assets.xcassets; sourceTree = "<group>"; };
		E99F373C2A8F88F100572AE5 /* Base */ = {isa = PBXFileReference; lastKnownFileType = file.storyboard; name = Base; path = Base.lproj/LaunchScreen.storyboard; sourceTree = "<group>"; };
		E99F373E2A8F88F100572AE5 /* Info.plist */ = {isa = PBXFileReference; lastKnownFileType = text.plist.xml; path = Info.plist; sourceTree = "<group>"; };
		E99F374C2A8F8B2C00572AE5 /* CryptoAPI.swift */ = {isa = PBXFileReference; lastKnownFileType = sourcecode.swift; path = CryptoAPI.swift; sourceTree = "<group>"; };
		E99F374E2A8F8B4900572AE5 /* NetworkAdapter.swift */ = {isa = PBXFileReference; lastKnownFileType = sourcecode.swift; path = NetworkAdapter.swift; sourceTree = "<group>"; };
		E99F37502A8F8E0B00572AE5 /* ResponseStatus.swift */ = {isa = PBXFileReference; lastKnownFileType = sourcecode.swift; path = ResponseStatus.swift; sourceTree = "<group>"; };
		E99F37522A8F8E1700572AE5 /* ResponseCode.swift */ = {isa = PBXFileReference; lastKnownFileType = sourcecode.swift; path = ResponseCode.swift; sourceTree = "<group>"; };
		E99F37542A8F8EC500572AE5 /* Constants.swift */ = {isa = PBXFileReference; lastKnownFileType = sourcecode.swift; path = Constants.swift; sourceTree = "<group>"; };
		E99F37562A8F8ED300572AE5 /* Enum.swift */ = {isa = PBXFileReference; lastKnownFileType = sourcecode.swift; path = Enum.swift; sourceTree = "<group>"; };
		E99F375A2A8F901000572AE5 /* MainPresenter.swift */ = {isa = PBXFileReference; lastKnownFileType = sourcecode.swift; path = MainPresenter.swift; sourceTree = "<group>"; };
		E99F375B2A8F901000572AE5 /* MainRouter.swift */ = {isa = PBXFileReference; lastKnownFileType = sourcecode.swift; path = MainRouter.swift; sourceTree = "<group>"; };
		E99F375C2A8F901000572AE5 /* MainViewController.swift */ = {isa = PBXFileReference; lastKnownFileType = sourcecode.swift; path = MainViewController.swift; sourceTree = "<group>"; };
		E99F375D2A8F901000572AE5 /* MainProtocols.swift */ = {isa = PBXFileReference; lastKnownFileType = sourcecode.swift; path = MainProtocols.swift; sourceTree = "<group>"; };
		E99F375E2A8F901000572AE5 /* MainInteractor.swift */ = {isa = PBXFileReference; lastKnownFileType = sourcecode.swift; path = MainInteractor.swift; sourceTree = "<group>"; };
		E99F375F2A8F901000572AE5 /* MainViewController.xib */ = {isa = PBXFileReference; lastKnownFileType = file.xib; path = MainViewController.xib; sourceTree = "<group>"; };
		E99F37662A8F902700572AE5 /* CryptoDetailPresenter.swift */ = {isa = PBXFileReference; lastKnownFileType = sourcecode.swift; path = CryptoDetailPresenter.swift; sourceTree = "<group>"; };
		E99F37672A8F902700572AE5 /* CryptoDetailRouter.swift */ = {isa = PBXFileReference; lastKnownFileType = sourcecode.swift; path = CryptoDetailRouter.swift; sourceTree = "<group>"; };
		E99F37682A8F902700572AE5 /* CryptoDetailViewController.swift */ = {isa = PBXFileReference; lastKnownFileType = sourcecode.swift; path = CryptoDetailViewController.swift; sourceTree = "<group>"; };
		E99F37692A8F902700572AE5 /* CryptoDetailProtocols.swift */ = {isa = PBXFileReference; lastKnownFileType = sourcecode.swift; path = CryptoDetailProtocols.swift; sourceTree = "<group>"; };
		E99F376A2A8F902700572AE5 /* CryptoDetailInteractor.swift */ = {isa = PBXFileReference; lastKnownFileType = sourcecode.swift; path = CryptoDetailInteractor.swift; sourceTree = "<group>"; };
		E99F376B2A8F902700572AE5 /* CryptoDetailViewController.xib */ = {isa = PBXFileReference; lastKnownFileType = file.xib; path = CryptoDetailViewController.xib; sourceTree = "<group>"; };
		E99F37722A8F911500572AE5 /* UIColorExtension.swift */ = {isa = PBXFileReference; lastKnownFileType = sourcecode.swift; path = UIColorExtension.swift; sourceTree = "<group>"; };
		E99F37742A8F912900572AE5 /* ErrorExtension.swift */ = {isa = PBXFileReference; lastKnownFileType = sourcecode.swift; path = ErrorExtension.swift; sourceTree = "<group>"; };
		E99F37762A8F913F00572AE5 /* StringExtension.swift */ = {isa = PBXFileReference; lastKnownFileType = sourcecode.swift; path = StringExtension.swift; sourceTree = "<group>"; };
		E99F37782A8F915700572AE5 /* DictionaryExtension.swift */ = {isa = PBXFileReference; lastKnownFileType = sourcecode.swift; path = DictionaryExtension.swift; sourceTree = "<group>"; };
		E99F377A2A8F916A00572AE5 /* UIImageExtension.swift */ = {isa = PBXFileReference; lastKnownFileType = sourcecode.swift; path = UIImageExtension.swift; sourceTree = "<group>"; };
		E99F377C2A8F91AC00572AE5 /* CryptoAPIHelper.swift */ = {isa = PBXFileReference; lastKnownFileType = sourcecode.swift; path = CryptoAPIHelper.swift; sourceTree = "<group>"; };
		E99F377E2A8F91B900572AE5 /* UserSession.swift */ = {isa = PBXFileReference; lastKnownFileType = sourcecode.swift; path = UserSession.swift; sourceTree = "<group>"; };
		E9B30C8D2A91D0090068741E /* CryptocurrencyEntity.swift */ = {isa = PBXFileReference; lastKnownFileType = sourcecode.swift; path = CryptocurrencyEntity.swift; sourceTree = "<group>"; };
		E9B30C902A9201A00068741E /* MainCell.swift */ = {isa = PBXFileReference; lastKnownFileType = sourcecode.swift; path = MainCell.swift; sourceTree = "<group>"; };
		E9B30C912A9201A00068741E /* MainCell.xib */ = {isa = PBXFileReference; lastKnownFileType = file.xib; path = MainCell.xib; sourceTree = "<group>"; };
		E9B30C942A9226AC0068741E /* MessageResponse.swift */ = {isa = PBXFileReference; lastKnownFileType = sourcecode.swift; path = MessageResponse.swift; sourceTree = "<group>"; };
		E9B30C962A922E470068741E /* MainEmptyCollectionView.swift */ = {isa = PBXFileReference; lastKnownFileType = sourcecode.swift; path = MainEmptyCollectionView.swift; sourceTree = "<group>"; };
		E9B30C982A923F630068741E /* CryptoHistoryEntity.swift */ = {isa = PBXFileReference; lastKnownFileType = sourcecode.swift; path = CryptoHistoryEntity.swift; sourceTree = "<group>"; };
		E9B30C9A2A927DA90068741E /* DateExtension.swift */ = {isa = PBXFileReference; lastKnownFileType = sourcecode.swift; path = DateExtension.swift; sourceTree = "<group>"; };
		E9B30C9C2A92813B0068741E /* CryptoHistoryDisplayEntity.swift */ = {isa = PBXFileReference; lastKnownFileType = sourcecode.swift; path = CryptoHistoryDisplayEntity.swift; sourceTree = "<group>"; };
		E9B30C9E2A92847E0068741E /* DoubleExtension.swift */ = {isa = PBXFileReference; lastKnownFileType = sourcecode.swift; path = DoubleExtension.swift; sourceTree = "<group>"; };
		EE119FBCB66AE5998AE00DB3 /* Pods-crypto_info.release.xcconfig */ = {isa = PBXFileReference; includeInIndex = 1; lastKnownFileType = text.xcconfig; name = "Pods-crypto_info.release.xcconfig"; path = "Target Support Files/Pods-crypto_info/Pods-crypto_info.release.xcconfig"; sourceTree = "<group>"; };
/* End PBXFileReference section */

/* Begin PBXFrameworksBuildPhase section */
		E99F372A2A8F88F000572AE5 /* Frameworks */ = {
			isa = PBXFrameworksBuildPhase;
			buildActionMask = 2147483647;
			files = (
				D238C65A2D9909CAAA9DA7C2 /* Pods_crypto_info.framework in Frameworks */,
			);
			runOnlyForDeploymentPostprocessing = 0;
		};
/* End PBXFrameworksBuildPhase section */

/* Begin PBXGroup section */
		3647C304E19FF4B3D875091E /* Pods */ = {
			isa = PBXGroup;
			children = (
				C466FFEF711D8B8BBA5D604C /* Pods-crypto_info.debug.xcconfig */,
				EE119FBCB66AE5998AE00DB3 /* Pods-crypto_info.release.xcconfig */,
			);
			path = Pods;
			sourceTree = "<group>";
		};
		E1F8F34A34D36F25C7FFF6BD /* Frameworks */ = {
			isa = PBXGroup;
			children = (
				B037B6B8D211459C8C3FB796 /* Pods_crypto_info.framework */,
			);
			name = Frameworks;
			sourceTree = "<group>";
		};
		E99F37242A8F88F000572AE5 = {
			isa = PBXGroup;
			children = (
				E99F372F2A8F88F000572AE5 /* crypto_info */,
				E99F372E2A8F88F000572AE5 /* Products */,
				3647C304E19FF4B3D875091E /* Pods */,
				E1F8F34A34D36F25C7FFF6BD /* Frameworks */,
			);
			sourceTree = "<group>";
		};
		E99F372E2A8F88F000572AE5 /* Products */ = {
			isa = PBXGroup;
			children = (
				E99F372D2A8F88F000572AE5 /* Cryptocurrency App.app */,
			);
			name = Products;
			sourceTree = "<group>";
		};
		E99F372F2A8F88F000572AE5 /* crypto_info */ = {
			isa = PBXGroup;
			children = (
				E99F37542A8F8EC500572AE5 /* Constants.swift */,
				E99F37562A8F8ED300572AE5 /* Enum.swift */,
				E99F373E2A8F88F100572AE5 /* Info.plist */,
				E99F37302A8F88F000572AE5 /* AppDelegate.swift */,
				E99F37322A8F88F000572AE5 /* SceneDelegate.swift */,
				E99F37342A8F88F000572AE5 /* ViewController.swift */,
				E99F37392A8F88F100572AE5 /* Assets.xcassets */,
				E99F373B2A8F88F100572AE5 /* LaunchScreen.storyboard */,
				E99F37362A8F88F000572AE5 /* Main.storyboard */,
				E99F37442A8F8A7300572AE5 /* client */,
				E99F37462A8F8A8300572AE5 /* networking */,
				E99F37472A8F8A9500572AE5 /* enitity */,
				E99F37492A8F8AA600572AE5 /* extension */,
				E99F37452A8F8A7C00572AE5 /* helper */,
				E99F374B2A8F8AC900572AE5 /* module */,
			);
			path = crypto_info;
			sourceTree = "<group>";
		};
		E99F37442A8F8A7300572AE5 /* client */ = {
			isa = PBXGroup;
			children = (
				E99F374C2A8F8B2C00572AE5 /* CryptoAPI.swift */,
			);
			path = client;
			sourceTree = "<group>";
		};
		E99F37452A8F8A7C00572AE5 /* helper */ = {
			isa = PBXGroup;
			children = (
				E99F377C2A8F91AC00572AE5 /* CryptoAPIHelper.swift */,
				E99F377E2A8F91B900572AE5 /* UserSession.swift */,
			);
			path = helper;
			sourceTree = "<group>";
		};
		E99F37462A8F8A8300572AE5 /* networking */ = {
			isa = PBXGroup;
			children = (
				E99F374E2A8F8B4900572AE5 /* NetworkAdapter.swift */,
			);
			path = networking;
			sourceTree = "<group>";
		};
		E99F37472A8F8A9500572AE5 /* enitity */ = {
			isa = PBXGroup;
			children = (
				E9B30C8D2A91D0090068741E /* CryptocurrencyEntity.swift */,
				E9B30C982A923F630068741E /* CryptoHistoryEntity.swift */,
				E9B30C9C2A92813B0068741E /* CryptoHistoryDisplayEntity.swift */,
				E99F37502A8F8E0B00572AE5 /* ResponseStatus.swift */,
				E99F37522A8F8E1700572AE5 /* ResponseCode.swift */,
				E9B30C942A9226AC0068741E /* MessageResponse.swift */,
			);
			path = enitity;
			sourceTree = "<group>";
		};
		E99F37492A8F8AA600572AE5 /* extension */ = {
			isa = PBXGroup;
			children = (
				E99F37722A8F911500572AE5 /* UIColorExtension.swift */,
				E99F37742A8F912900572AE5 /* ErrorExtension.swift */,
				E99F37762A8F913F00572AE5 /* StringExtension.swift */,
				E99F37782A8F915700572AE5 /* DictionaryExtension.swift */,
				E99F377A2A8F916A00572AE5 /* UIImageExtension.swift */,
				E9B30C9A2A927DA90068741E /* DateExtension.swift */,
				E9B30C9E2A92847E0068741E /* DoubleExtension.swift */,
			);
			path = extension;
			sourceTree = "<group>";
		};
		E99F374B2A8F8AC900572AE5 /* module */ = {
			isa = PBXGroup;
			children = (
				E99F37582A8F8FEA00572AE5 /* main */,
				E99F37592A8F8FF400572AE5 /* cyrpto_detail */,
			);
			path = module;
			sourceTree = "<group>";
		};
		E99F37582A8F8FEA00572AE5 /* main */ = {
			isa = PBXGroup;
			children = (
				E9B30C8F2A92018F0068741E /* cell */,
				E99F375A2A8F901000572AE5 /* MainPresenter.swift */,
				E99F375B2A8F901000572AE5 /* MainRouter.swift */,
				E99F375C2A8F901000572AE5 /* MainViewController.swift */,
				E99F375D2A8F901000572AE5 /* MainProtocols.swift */,
				E99F375E2A8F901000572AE5 /* MainInteractor.swift */,
				E99F375F2A8F901000572AE5 /* MainViewController.xib */,
			);
			path = main;
			sourceTree = "<group>";
		};
		E99F37592A8F8FF400572AE5 /* cyrpto_detail */ = {
			isa = PBXGroup;
			children = (
				E99F37662A8F902700572AE5 /* CryptoDetailPresenter.swift */,
				E99F37672A8F902700572AE5 /* CryptoDetailRouter.swift */,
				E99F37682A8F902700572AE5 /* CryptoDetailViewController.swift */,
				E99F37692A8F902700572AE5 /* CryptoDetailProtocols.swift */,
				E99F376A2A8F902700572AE5 /* CryptoDetailInteractor.swift */,
				E99F376B2A8F902700572AE5 /* CryptoDetailViewController.xib */,
			);
			path = cyrpto_detail;
			sourceTree = "<group>";
		};
		E9B30C8F2A92018F0068741E /* cell */ = {
			isa = PBXGroup;
			children = (
				E9B30C962A922E470068741E /* MainEmptyCollectionView.swift */,
				E9B30C902A9201A00068741E /* MainCell.swift */,
				E9B30C912A9201A00068741E /* MainCell.xib */,
			);
			path = cell;
			sourceTree = "<group>";
		};
/* End PBXGroup section */

/* Begin PBXNativeTarget section */
		E99F372C2A8F88F000572AE5 /* crypto_info */ = {
			isa = PBXNativeTarget;
			buildConfigurationList = E99F37412A8F88F100572AE5 /* Build configuration list for PBXNativeTarget "crypto_info" */;
			buildPhases = (
				D5C187AD1D442413603F2A54 /* [CP] Check Pods Manifest.lock */,
				E99F37292A8F88F000572AE5 /* Sources */,
				E99F372A2A8F88F000572AE5 /* Frameworks */,
				E99F372B2A8F88F000572AE5 /* Resources */,
				EDE682DCD0762581AC159AD3 /* [CP] Embed Pods Frameworks */,
			);
			buildRules = (
			);
			dependencies = (
			);
			name = crypto_info;
			productName = crypto_info;
			productReference = E99F372D2A8F88F000572AE5 /* Cryptocurrency App.app */;
			productType = "com.apple.product-type.application";
		};
/* End PBXNativeTarget section */

/* Begin PBXProject section */
		E99F37252A8F88F000572AE5 /* Project object */ = {
			isa = PBXProject;
			attributes = {
				BuildIndependentTargetsInParallel = 1;
				LastSwiftUpdateCheck = 1430;
				LastUpgradeCheck = 1430;
				TargetAttributes = {
					E99F372C2A8F88F000572AE5 = {
						CreatedOnToolsVersion = 14.3.1;
					};
				};
			};
			buildConfigurationList = E99F37282A8F88F000572AE5 /* Build configuration list for PBXProject "crypto_info" */;
			compatibilityVersion = "Xcode 14.0";
			developmentRegion = en;
			hasScannedForEncodings = 0;
			knownRegions = (
				en,
				Base,
			);
			mainGroup = E99F37242A8F88F000572AE5;
			productRefGroup = E99F372E2A8F88F000572AE5 /* Products */;
			projectDirPath = "";
			projectRoot = "";
			targets = (
				E99F372C2A8F88F000572AE5 /* crypto_info */,
			);
		};
/* End PBXProject section */

/* Begin PBXResourcesBuildPhase section */
		E99F372B2A8F88F000572AE5 /* Resources */ = {
			isa = PBXResourcesBuildPhase;
			buildActionMask = 2147483647;
			files = (
				E99F373D2A8F88F100572AE5 /* LaunchScreen.storyboard in Resources */,
				E99F373A2A8F88F100572AE5 /* Assets.xcassets in Resources */,
				E9B30C932A9201A00068741E /* MainCell.xib in Resources */,
				E99F37712A8F902700572AE5 /* CryptoDetailViewController.xib in Resources */,
				E99F37382A8F88F000572AE5 /* Main.storyboard in Resources */,
				E99F37652A8F901000572AE5 /* MainViewController.xib in Resources */,
			);
			runOnlyForDeploymentPostprocessing = 0;
		};
/* End PBXResourcesBuildPhase section */

/* Begin PBXShellScriptBuildPhase section */
		D5C187AD1D442413603F2A54 /* [CP] Check Pods Manifest.lock */ = {
			isa = PBXShellScriptBuildPhase;
			buildActionMask = 2147483647;
			files = (
			);
			inputFileListPaths = (
			);
			inputPaths = (
				"${PODS_PODFILE_DIR_PATH}/Podfile.lock",
				"${PODS_ROOT}/Manifest.lock",
			);
			name = "[CP] Check Pods Manifest.lock";
			outputFileListPaths = (
			);
			outputPaths = (
				"$(DERIVED_FILE_DIR)/Pods-crypto_info-checkManifestLockResult.txt",
			);
			runOnlyForDeploymentPostprocessing = 0;
			shellPath = /bin/sh;
			shellScript = "diff \"${PODS_PODFILE_DIR_PATH}/Podfile.lock\" \"${PODS_ROOT}/Manifest.lock\" > /dev/null\nif [ $? != 0 ] ; then\n    # print error to STDERR\n    echo \"error: The sandbox is not in sync with the Podfile.lock. Run 'pod install' or update your CocoaPods installation.\" >&2\n    exit 1\nfi\n# This output is used by Xcode 'outputs' to avoid re-running this script phase.\necho \"SUCCESS\" > \"${SCRIPT_OUTPUT_FILE_0}\"\n";
			showEnvVarsInLog = 0;
		};
		EDE682DCD0762581AC159AD3 /* [CP] Embed Pods Frameworks */ = {
			isa = PBXShellScriptBuildPhase;
			buildActionMask = 2147483647;
			files = (
			);
			inputFileListPaths = (
				"${PODS_ROOT}/Target Support Files/Pods-crypto_info/Pods-crypto_info-frameworks-${CONFIGURATION}-input-files.xcfilelist",
			);
			name = "[CP] Embed Pods Frameworks";
			outputFileListPaths = (
				"${PODS_ROOT}/Target Support Files/Pods-crypto_info/Pods-crypto_info-frameworks-${CONFIGURATION}-output-files.xcfilelist",
			);
			runOnlyForDeploymentPostprocessing = 0;
			shellPath = /bin/sh;
			shellScript = "\"${PODS_ROOT}/Target Support Files/Pods-crypto_info/Pods-crypto_info-frameworks.sh\"\n";
			showEnvVarsInLog = 0;
		};
/* End PBXShellScriptBuildPhase section */

/* Begin PBXSourcesBuildPhase section */
		E99F37292A8F88F000572AE5 /* Sources */ = {
			isa = PBXSourcesBuildPhase;
			buildActionMask = 2147483647;
			files = (
				E9B30C8E2A91D0090068741E /* CryptocurrencyEntity.swift in Sources */,
				E99F37532A8F8E1700572AE5 /* ResponseCode.swift in Sources */,
				E99F37702A8F902700572AE5 /* CryptoDetailInteractor.swift in Sources */,
				E99F37512A8F8E0B00572AE5 /* ResponseStatus.swift in Sources */,
				E99F376C2A8F902700572AE5 /* CryptoDetailPresenter.swift in Sources */,
				E99F37352A8F88F000572AE5 /* ViewController.swift in Sources */,
				E99F37632A8F901000572AE5 /* MainProtocols.swift in Sources */,
				E99F37622A8F901000572AE5 /* MainViewController.swift in Sources */,
				E99F37732A8F911500572AE5 /* UIColorExtension.swift in Sources */,
				E9B30C9B2A927DA90068741E /* DateExtension.swift in Sources */,
				E99F37792A8F915700572AE5 /* DictionaryExtension.swift in Sources */,
				E99F37642A8F901000572AE5 /* MainInteractor.swift in Sources */,
				E99F374D2A8F8B2C00572AE5 /* CryptoAPI.swift in Sources */,
				E99F377F2A8F91B900572AE5 /* UserSession.swift in Sources */,
				E9B30C972A922E470068741E /* MainEmptyCollectionView.swift in Sources */,
				E99F376D2A8F902700572AE5 /* CryptoDetailRouter.swift in Sources */,
				E9B30C992A923F630068741E /* CryptoHistoryEntity.swift in Sources */,
				E99F37312A8F88F000572AE5 /* AppDelegate.swift in Sources */,
				E9B30C9F2A92847E0068741E /* DoubleExtension.swift in Sources */,
				E99F37602A8F901000572AE5 /* MainPresenter.swift in Sources */,
				E99F376E2A8F902700572AE5 /* CryptoDetailViewController.swift in Sources */,
				E99F37572A8F8ED300572AE5 /* Enum.swift in Sources */,
				E99F37332A8F88F000572AE5 /* SceneDelegate.swift in Sources */,
				E99F374F2A8F8B4900572AE5 /* NetworkAdapter.swift in Sources */,
				E99F37612A8F901000572AE5 /* MainRouter.swift in Sources */,
				E99F37552A8F8EC500572AE5 /* Constants.swift in Sources */,
				E9B30C922A9201A00068741E /* MainCell.swift in Sources */,
				E99F377D2A8F91AC00572AE5 /* CryptoAPIHelper.swift in Sources */,
				E9B30C9D2A92813B0068741E /* CryptoHistoryDisplayEntity.swift in Sources */,
				E99F37752A8F912900572AE5 /* ErrorExtension.swift in Sources */,
				E99F37772A8F913F00572AE5 /* StringExtension.swift in Sources */,
				E9B30C952A9226AC0068741E /* MessageResponse.swift in Sources */,
				E99F376F2A8F902700572AE5 /* CryptoDetailProtocols.swift in Sources */,
				E99F377B2A8F916A00572AE5 /* UIImageExtension.swift in Sources */,
			);
			runOnlyForDeploymentPostprocessing = 0;
		};
/* End PBXSourcesBuildPhase section */

/* Begin PBXVariantGroup section */
		E99F37362A8F88F000572AE5 /* Main.storyboard */ = {
			isa = PBXVariantGroup;
			children = (
				E99F37372A8F88F000572AE5 /* Base */,
			);
			name = Main.storyboard;
			sourceTree = "<group>";
		};
		E99F373B2A8F88F100572AE5 /* LaunchScreen.storyboard */ = {
			isa = PBXVariantGroup;
			children = (
				E99F373C2A8F88F100572AE5 /* Base */,
			);
			name = LaunchScreen.storyboard;
			sourceTree = "<group>";
		};
/* End PBXVariantGroup section */

/* Begin XCBuildConfiguration section */
		E99F373F2A8F88F100572AE5 /* Debug */ = {
			isa = XCBuildConfiguration;
			buildSettings = {
				ALWAYS_SEARCH_USER_PATHS = NO;
				CLANG_ANALYZER_NONNULL = YES;
				CLANG_ANALYZER_NUMBER_OBJECT_CONVERSION = YES_AGGRESSIVE;
				CLANG_CXX_LANGUAGE_STANDARD = "gnu++20";
				CLANG_ENABLE_MODULES = YES;
				CLANG_ENABLE_OBJC_ARC = YES;
				CLANG_ENABLE_OBJC_WEAK = YES;
				CLANG_WARN_BLOCK_CAPTURE_AUTORELEASING = YES;
				CLANG_WARN_BOOL_CONVERSION = YES;
				CLANG_WARN_COMMA = YES;
				CLANG_WARN_CONSTANT_CONVERSION = YES;
				CLANG_WARN_DEPRECATED_OBJC_IMPLEMENTATIONS = YES;
				CLANG_WARN_DIRECT_OBJC_ISA_USAGE = YES_ERROR;
				CLANG_WARN_DOCUMENTATION_COMMENTS = YES;
				CLANG_WARN_EMPTY_BODY = YES;
				CLANG_WARN_ENUM_CONVERSION = YES;
				CLANG_WARN_INFINITE_RECURSION = YES;
				CLANG_WARN_INT_CONVERSION = YES;
				CLANG_WARN_NON_LITERAL_NULL_CONVERSION = YES;
				CLANG_WARN_OBJC_IMPLICIT_RETAIN_SELF = YES;
				CLANG_WARN_OBJC_LITERAL_CONVERSION = YES;
				CLANG_WARN_OBJC_ROOT_CLASS = YES_ERROR;
				CLANG_WARN_QUOTED_INCLUDE_IN_FRAMEWORK_HEADER = YES;
				CLANG_WARN_RANGE_LOOP_ANALYSIS = YES;
				CLANG_WARN_STRICT_PROTOTYPES = YES;
				CLANG_WARN_SUSPICIOUS_MOVE = YES;
				CLANG_WARN_UNGUARDED_AVAILABILITY = YES_AGGRESSIVE;
				CLANG_WARN_UNREACHABLE_CODE = YES;
				CLANG_WARN__DUPLICATE_METHOD_MATCH = YES;
				COPY_PHASE_STRIP = NO;
				DEBUG_INFORMATION_FORMAT = dwarf;
				ENABLE_STRICT_OBJC_MSGSEND = YES;
				ENABLE_TESTABILITY = YES;
				GCC_C_LANGUAGE_STANDARD = gnu11;
				GCC_DYNAMIC_NO_PIC = NO;
				GCC_NO_COMMON_BLOCKS = YES;
				GCC_OPTIMIZATION_LEVEL = 0;
				GCC_PREPROCESSOR_DEFINITIONS = (
					"DEBUG=1",
					"$(inherited)",
				);
				GCC_WARN_64_TO_32_BIT_CONVERSION = YES;
				GCC_WARN_ABOUT_RETURN_TYPE = YES_ERROR;
				GCC_WARN_UNDECLARED_SELECTOR = YES;
				GCC_WARN_UNINITIALIZED_AUTOS = YES_AGGRESSIVE;
				GCC_WARN_UNUSED_FUNCTION = YES;
				GCC_WARN_UNUSED_VARIABLE = YES;
				IPHONEOS_DEPLOYMENT_TARGET = 16.4;
				MTL_ENABLE_DEBUG_INFO = INCLUDE_SOURCE;
				MTL_FAST_MATH = YES;
				ONLY_ACTIVE_ARCH = YES;
				SDKROOT = iphoneos;
				SWIFT_ACTIVE_COMPILATION_CONDITIONS = DEBUG;
				SWIFT_OPTIMIZATION_LEVEL = "-Onone";
			};
			name = Debug;
		};
		E99F37402A8F88F100572AE5 /* Release */ = {
			isa = XCBuildConfiguration;
			buildSettings = {
				ALWAYS_SEARCH_USER_PATHS = NO;
				CLANG_ANALYZER_NONNULL = YES;
				CLANG_ANALYZER_NUMBER_OBJECT_CONVERSION = YES_AGGRESSIVE;
				CLANG_CXX_LANGUAGE_STANDARD = "gnu++20";
				CLANG_ENABLE_MODULES = YES;
				CLANG_ENABLE_OBJC_ARC = YES;
				CLANG_ENABLE_OBJC_WEAK = YES;
				CLANG_WARN_BLOCK_CAPTURE_AUTORELEASING = YES;
				CLANG_WARN_BOOL_CONVERSION = YES;
				CLANG_WARN_COMMA = YES;
				CLANG_WARN_CONSTANT_CONVERSION = YES;
				CLANG_WARN_DEPRECATED_OBJC_IMPLEMENTATIONS = YES;
				CLANG_WARN_DIRECT_OBJC_ISA_USAGE = YES_ERROR;
				CLANG_WARN_DOCUMENTATION_COMMENTS = YES;
				CLANG_WARN_EMPTY_BODY = YES;
				CLANG_WARN_ENUM_CONVERSION = YES;
				CLANG_WARN_INFINITE_RECURSION = YES;
				CLANG_WARN_INT_CONVERSION = YES;
				CLANG_WARN_NON_LITERAL_NULL_CONVERSION = YES;
				CLANG_WARN_OBJC_IMPLICIT_RETAIN_SELF = YES;
				CLANG_WARN_OBJC_LITERAL_CONVERSION = YES;
				CLANG_WARN_OBJC_ROOT_CLASS = YES_ERROR;
				CLANG_WARN_QUOTED_INCLUDE_IN_FRAMEWORK_HEADER = YES;
				CLANG_WARN_RANGE_LOOP_ANALYSIS = YES;
				CLANG_WARN_STRICT_PROTOTYPES = YES;
				CLANG_WARN_SUSPICIOUS_MOVE = YES;
				CLANG_WARN_UNGUARDED_AVAILABILITY = YES_AGGRESSIVE;
				CLANG_WARN_UNREACHABLE_CODE = YES;
				CLANG_WARN__DUPLICATE_METHOD_MATCH = YES;
				COPY_PHASE_STRIP = NO;
				DEBUG_INFORMATION_FORMAT = "dwarf-with-dsym";
				ENABLE_NS_ASSERTIONS = NO;
				ENABLE_STRICT_OBJC_MSGSEND = YES;
				GCC_C_LANGUAGE_STANDARD = gnu11;
				GCC_NO_COMMON_BLOCKS = YES;
				GCC_WARN_64_TO_32_BIT_CONVERSION = YES;
				GCC_WARN_ABOUT_RETURN_TYPE = YES_ERROR;
				GCC_WARN_UNDECLARED_SELECTOR = YES;
				GCC_WARN_UNINITIALIZED_AUTOS = YES_AGGRESSIVE;
				GCC_WARN_UNUSED_FUNCTION = YES;
				GCC_WARN_UNUSED_VARIABLE = YES;
				IPHONEOS_DEPLOYMENT_TARGET = 16.4;
				MTL_ENABLE_DEBUG_INFO = NO;
				MTL_FAST_MATH = YES;
				SDKROOT = iphoneos;
				SWIFT_COMPILATION_MODE = wholemodule;
				SWIFT_OPTIMIZATION_LEVEL = "-O";
				VALIDATE_PRODUCT = YES;
			};
			name = Release;
		};
		E99F37422A8F88F100572AE5 /* Debug */ = {
			isa = XCBuildConfiguration;
			baseConfigurationReference = C466FFEF711D8B8BBA5D604C /* Pods-crypto_info.debug.xcconfig */;
			buildSettings = {
				ASSETCATALOG_COMPILER_APPICON_NAME = AppIcon;
				ASSETCATALOG_COMPILER_GLOBAL_ACCENT_COLOR_NAME = AccentColor;
				CODE_SIGN_STYLE = Automatic;
				CURRENT_PROJECT_VERSION = 1;
				DEVELOPMENT_TEAM = 896S2D3PPT;
				GENERATE_INFOPLIST_FILE = YES;
				INFOPLIST_FILE = crypto_info/Info.plist;
				INFOPLIST_KEY_UIApplicationSupportsIndirectInputEvents = YES;
				INFOPLIST_KEY_UILaunchStoryboardName = LaunchScreen;
				INFOPLIST_KEY_UIMainStoryboardFile = Main;
				INFOPLIST_KEY_UISupportedInterfaceOrientations_iPad = "UIInterfaceOrientationPortrait UIInterfaceOrientationPortraitUpsideDown UIInterfaceOrientationLandscapeLeft UIInterfaceOrientationLandscapeRight";
				INFOPLIST_KEY_UISupportedInterfaceOrientations_iPhone = "UIInterfaceOrientationPortrait UIInterfaceOrientationLandscapeLeft UIInterfaceOrientationLandscapeRight";
				LD_RUNPATH_SEARCH_PATHS = (
					"$(inherited)",
					"@executable_path/Frameworks",
				);
				MARKETING_VERSION = 1.0;
				PRODUCT_BUNDLE_IDENTIFIER = "com.crypto-info";
				PRODUCT_NAME = "Cryptocurrency App";
				SWIFT_EMIT_LOC_STRINGS = YES;
				SWIFT_VERSION = 5.0;
				TARGETED_DEVICE_FAMILY = "1,2";
			};
			name = Debug;
		};
		E99F37432A8F88F100572AE5 /* Release */ = {
			isa = XCBuildConfiguration;
			baseConfigurationReference = EE119FBCB66AE5998AE00DB3 /* Pods-crypto_info.release.xcconfig */;
			buildSettings = {
				ASSETCATALOG_COMPILER_APPICON_NAME = AppIcon;
				ASSETCATALOG_COMPILER_GLOBAL_ACCENT_COLOR_NAME = AccentColor;
				CODE_SIGN_STYLE = Automatic;
				CURRENT_PROJECT_VERSION = 1;
				DEVELOPMENT_TEAM = 896S2D3PPT;
				GENERATE_INFOPLIST_FILE = YES;
				INFOPLIST_FILE = crypto_info/Info.plist;
				INFOPLIST_KEY_UIApplicationSupportsIndirectInputEvents = YES;
				INFOPLIST_KEY_UILaunchStoryboardName = LaunchScreen;
				INFOPLIST_KEY_UIMainStoryboardFile = Main;
				INFOPLIST_KEY_UISupportedInterfaceOrientations_iPad = "UIInterfaceOrientationPortrait UIInterfaceOrientationPortraitUpsideDown UIInterfaceOrientationLandscapeLeft UIInterfaceOrientationLandscapeRight";
				INFOPLIST_KEY_UISupportedInterfaceOrientations_iPhone = "UIInterfaceOrientationPortrait UIInterfaceOrientationLandscapeLeft UIInterfaceOrientationLandscapeRight";
				LD_RUNPATH_SEARCH_PATHS = (
					"$(inherited)",
					"@executable_path/Frameworks",
				);
				MARKETING_VERSION = 1.0;
				PRODUCT_BUNDLE_IDENTIFIER = "com.crypto-info";
				PRODUCT_NAME = "Cryptocurrency App";
				SWIFT_EMIT_LOC_STRINGS = YES;
				SWIFT_VERSION = 5.0;
				TARGETED_DEVICE_FAMILY = "1,2";
			};
			name = Release;
		};
/* End XCBuildConfiguration section */

/* Begin XCConfigurationList section */
		E99F37282A8F88F000572AE5 /* Build configuration list for PBXProject "crypto_info" */ = {
			isa = XCConfigurationList;
			buildConfigurations = (
				E99F373F2A8F88F100572AE5 /* Debug */,
				E99F37402A8F88F100572AE5 /* Release */,
			);
			defaultConfigurationIsVisible = 0;
			defaultConfigurationName = Release;
		};
		E99F37412A8F88F100572AE5 /* Build configuration list for PBXNativeTarget "crypto_info" */ = {
			isa = XCConfigurationList;
			buildConfigurations = (
				E99F37422A8F88F100572AE5 /* Debug */,
				E99F37432A8F88F100572AE5 /* Release */,
			);
			defaultConfigurationIsVisible = 0;
			defaultConfigurationName = Release;
		};
/* End XCConfigurationList section */
	};
	rootObject = E99F37252A8F88F000572AE5 /* Project object */;
}
